
Microsoft Visual Studio Solution File, Format Version 12.00
# Visual Studio Version 17
VisualStudioVersion = 17.10.35122.118
MinimumVisualStudioVersion = 10.0.40219.1
Project("{9A19103F-16F7-4668-BE54-9A1E7A4F7556}") = "Food Order", "Food Order\Food Order.csproj", "{700825DB-7A0A-41E9-A919-92FC1C4DB159}"
EndProject
Global
	GlobalSection(SolutionConfigurationPlatforms) = preSolution
		Debug|Any CPU = Debug|Any CPU
		Release|Any CPU = Release|Any CPU
	EndGlobalSection
	GlobalSection(ProjectConfigurationPlatforms) = postSolution
		{700825DB-7A0A-41E9-A919-92FC1C4DB159}.Debug|Any CPU.ActiveCfg = Debug|Any CPU
		{700825DB-7A0A-41E9-A919-92FC1C4DB159}.Debug|Any CPU.Build.0 = Debug|Any CPU
		{700825DB-7A0A-41E9-A919-92FC1C4DB159}.Release|Any CPU.ActiveCfg = Release|Any CPU
		{700825DB-7A0A-41E9-A919-92FC1C4DB159}.Release|Any CPU.Build.0 = Release|Any CPU
	EndGlobalSection
	GlobalSection(SolutionProperties) = preSolution
		HideSolutionNode = FALSE
	EndGlobalSection
	GlobalSection(ExtensibilityGlobals) = postSolution
		SolutionGuid = {2CAEE4B6-FBE8-4C8A-86A9-F5E541B2FE34}
	EndGlobalSection
EndGlobal
